
Microsoft Visual Studio Solution File, Format Version 12.00
# Visual Studio Version 17
VisualStudioVersion = 17.5.002.0
MinimumVisualStudioVersion = 10.0.40219.1
Project("{9A19103F-16F7-4668-BE54-9A1E7A4F7556}") = "basics", "basics\basics.csproj", "{7413B3C8-BA10-406C-806D-11FE4BE799A4}"
EndProject
Global
	GlobalSection(SolutionConfigurationPlatforms) = preSolution
		Debug|Any CPU = Debug|Any CPU
		Release|Any CPU = Release|Any CPU
	EndGlobalSection
	GlobalSection(ProjectConfigurationPlatforms) = postSolution
		{7413B3C8-BA10-406C-806D-11FE4BE799A4}.Debug|Any CPU.ActiveCfg = Debug|Any CPU
		{7413B3C8-BA10-406C-806D-11FE4BE799A4}.Debug|Any CPU.Build.0 = Debug|Any CPU
		{7413B3C8-BA10-406C-806D-11FE4BE799A4}.Release|Any CPU.ActiveCfg = Release|Any CPU
		{7413B3C8-BA10-406C-806D-11FE4BE799A4}.Release|Any CPU.Build.0 = Release|Any CPU
	EndGlobalSection
	GlobalSection(SolutionProperties) = preSolution
		HideSolutionNode = FALSE
	EndGlobalSection
	GlobalSection(ExtensibilityGlobals) = postSolution
		SolutionGuid = {7B366A08-8923-421D-88EE-B2F1BBDA49BF}
	EndGlobalSection
EndGlobal
